
Microsoft Visual Studio Solution File, Format Version 12.00
# Visual Studio Version 16
VisualStudioVersion = 16.0.30717.126
MinimumVisualStudioVersion = 10.0.40219.1
Project("{FAE04EC0-301F-11D3-BF4B-00C04F79EFBC}") = "D1", "D1\D1.csproj", "{C500C197-BE80-463F-A1F7-D2E3E0627ABC}"
EndProject
Project("{FAE04EC0-301F-11D3-BF4B-00C04F79EFBC}") = "D2", "D2\D2.csproj", "{CBBDD375-BCAE-4A66-8859-53003AF8B9FE}"
EndProject
Project("{FAE04EC0-301F-11D3-BF4B-00C04F79EFBC}") = "D3", "D3\D3.csproj", "{AECB4F89-6580-42AE-9381-079359B4873B}"
EndProject
Project("{FAE04EC0-301F-11D3-BF4B-00C04F79EFBC}") = "D4", "D4\D4.csproj", "{F873B176-ECE6-44C1-B2B4-C7BAD0C54CB5}"
EndProject
Project("{FAE04EC0-301F-11D3-BF4B-00C04F79EFBC}") = "D5", "D5\D5.csproj", "{10F974D9-DC09-4128-A760-4751DBF8E139}"
EndProject
Project("{FAE04EC0-301F-11D3-BF4B-00C04F79EFBC}") = "D6", "D6\D6.csproj", "{0A82C30E-FA76-4737-8FA7-38E6C939F14E}"
EndProject
Project("{FAE04EC0-301F-11D3-BF4B-00C04F79EFBC}") = "D7", "D7\D7.csproj", "{E3C34846-A6B2-4471-86FE-A162223D7D0C}"
EndProject
Project("{FAE04EC0-301F-11D3-BF4B-00C04F79EFBC}") = "D8", "D8\D8.csproj", "{508CB056-75C2-4064-8F36-6A21F2A7A7B8}"
EndProject
Project("{FAE04EC0-301F-11D3-BF4B-00C04F79EFBC}") = "D9", "D9\D9.csproj", "{C5AB36FD-B607-475E-9CE2-175FF0A903A1}"
EndProject
Project("{FAE04EC0-301F-11D3-BF4B-00C04F79EFBC}") = "D10", "D10\D10.csproj", "{1DF2B397-B860-40F7-97E1-FDB272E0686D}"
EndProject
Project("{FAE04EC0-301F-11D3-BF4B-00C04F79EFBC}") = "D11", "D11\D11.csproj", "{1235ED73-76BC-4A65-8CD2-4D5679B67885}"
EndProject
Project("{FAE04EC0-301F-11D3-BF4B-00C04F79EFBC}") = "D12", "D12\D12.csproj", "{861314DA-88C1-46E9-A3AF-7DF18F73980C}"
EndProject
Global
	GlobalSection(SolutionConfigurationPlatforms) = preSolution
		Debug|Any CPU = Debug|Any CPU
		Release|Any CPU = Release|Any CPU
	EndGlobalSection
	GlobalSection(ProjectConfigurationPlatforms) = postSolution
		{C500C197-BE80-463F-A1F7-D2E3E0627ABC}.Debug|Any CPU.ActiveCfg = Debug|Any CPU
		{C500C197-BE80-463F-A1F7-D2E3E0627ABC}.Debug|Any CPU.Build.0 = Debug|Any CPU
		{C500C197-BE80-463F-A1F7-D2E3E0627ABC}.Release|Any CPU.ActiveCfg = Release|Any CPU
		{C500C197-BE80-463F-A1F7-D2E3E0627ABC}.Release|Any CPU.Build.0 = Release|Any CPU
		{CBBDD375-BCAE-4A66-8859-53003AF8B9FE}.Debug|Any CPU.ActiveCfg = Debug|Any CPU
		{CBBDD375-BCAE-4A66-8859-53003AF8B9FE}.Debug|Any CPU.Build.0 = Debug|Any CPU
		{CBBDD375-BCAE-4A66-8859-53003AF8B9FE}.Release|Any CPU.ActiveCfg = Release|Any CPU
		{CBBDD375-BCAE-4A66-8859-53003AF8B9FE}.Release|Any CPU.Build.0 = Release|Any CPU
		{AECB4F89-6580-42AE-9381-079359B4873B}.Debug|Any CPU.ActiveCfg = Debug|Any CPU
		{AECB4F89-6580-42AE-9381-079359B4873B}.Debug|Any CPU.Build.0 = Debug|Any CPU
		{AECB4F89-6580-42AE-9381-079359B4873B}.Release|Any CPU.ActiveCfg = Release|Any CPU
		{AECB4F89-6580-42AE-9381-079359B4873B}.Release|Any CPU.Build.0 = Release|Any CPU
		{F873B176-ECE6-44C1-B2B4-C7BAD0C54CB5}.Debug|Any CPU.ActiveCfg = Debug|Any CPU
		{F873B176-ECE6-44C1-B2B4-C7BAD0C54CB5}.Debug|Any CPU.Build.0 = Debug|Any CPU
		{F873B176-ECE6-44C1-B2B4-C7BAD0C54CB5}.Release|Any CPU.ActiveCfg = Release|Any CPU
		{F873B176-ECE6-44C1-B2B4-C7BAD0C54CB5}.Release|Any CPU.Build.0 = Release|Any CPU
		{10F974D9-DC09-4128-A760-4751DBF8E139}.Debug|Any CPU.ActiveCfg = Debug|Any CPU
		{10F974D9-DC09-4128-A760-4751DBF8E139}.Debug|Any CPU.Build.0 = Debug|Any CPU
		{10F974D9-DC09-4128-A760-4751DBF8E139}.Release|Any CPU.ActiveCfg = Release|Any CPU
		{10F974D9-DC09-4128-A760-4751DBF8E139}.Release|Any CPU.Build.0 = Release|Any CPU
		{0A82C30E-FA76-4737-8FA7-38E6C939F14E}.Debug|Any CPU.ActiveCfg = Debug|Any CPU
		{0A82C30E-FA76-4737-8FA7-38E6C939F14E}.Debug|Any CPU.Build.0 = Debug|Any CPU
		{0A82C30E-FA76-4737-8FA7-38E6C939F14E}.Release|Any CPU.ActiveCfg = Release|Any CPU
		{0A82C30E-FA76-4737-8FA7-38E6C939F14E}.Release|Any CPU.Build.0 = Release|Any CPU
		{E3C34846-A6B2-4471-86FE-A162223D7D0C}.Debug|Any CPU.ActiveCfg = Debug|Any CPU
		{E3C34846-A6B2-4471-86FE-A162223D7D0C}.Debug|Any CPU.Build.0 = Debug|Any CPU
		{E3C34846-A6B2-4471-86FE-A162223D7D0C}.Release|Any CPU.ActiveCfg = Release|Any CPU
		{E3C34846-A6B2-4471-86FE-A162223D7D0C}.Release|Any CPU.Build.0 = Release|Any CPU
		{508CB056-75C2-4064-8F36-6A21F2A7A7B8}.Debug|Any CPU.ActiveCfg = Debug|Any CPU
		{508CB056-75C2-4064-8F36-6A21F2A7A7B8}.Debug|Any CPU.Build.0 = Debug|Any CPU
		{508CB056-75C2-4064-8F36-6A21F2A7A7B8}.Release|Any CPU.ActiveCfg = Release|Any CPU
		{508CB056-75C2-4064-8F36-6A21F2A7A7B8}.Release|Any CPU.Build.0 = Release|Any CPU
		{C5AB36FD-B607-475E-9CE2-175FF0A903A1}.Debug|Any CPU.ActiveCfg = Debug|Any CPU
		{C5AB36FD-B607-475E-9CE2-175FF0A903A1}.Debug|Any CPU.Build.0 = Debug|Any CPU
		{C5AB36FD-B607-475E-9CE2-175FF0A903A1}.Release|Any CPU.ActiveCfg = Release|Any CPU
		{C5AB36FD-B607-475E-9CE2-175FF0A903A1}.Release|Any CPU.Build.0 = Release|Any CPU
		{1DF2B397-B860-40F7-97E1-FDB272E0686D}.Debug|Any CPU.ActiveCfg = Debug|Any CPU
		{1DF2B397-B860-40F7-97E1-FDB272E0686D}.Debug|Any CPU.Build.0 = Debug|Any CPU
		{1DF2B397-B860-40F7-97E1-FDB272E0686D}.Release|Any CPU.ActiveCfg = Release|Any CPU
		{1DF2B397-B860-40F7-97E1-FDB272E0686D}.Release|Any CPU.Build.0 = Release|Any CPU
		{1235ED73-76BC-4A65-8CD2-4D5679B67885}.Debug|Any CPU.ActiveCfg = Debug|Any CPU
		{1235ED73-76BC-4A65-8CD2-4D5679B67885}.Debug|Any CPU.Build.0 = Debug|Any CPU
		{1235ED73-76BC-4A65-8CD2-4D5679B67885}.Release|Any CPU.ActiveCfg = Release|Any CPU
		{1235ED73-76BC-4A65-8CD2-4D5679B67885}.Release|Any CPU.Build.0 = Release|Any CPU
		{861314DA-88C1-46E9-A3AF-7DF18F73980C}.Debug|Any CPU.ActiveCfg = Debug|Any CPU
		{861314DA-88C1-46E9-A3AF-7DF18F73980C}.Debug|Any CPU.Build.0 = Debug|Any CPU
		{861314DA-88C1-46E9-A3AF-7DF18F73980C}.Release|Any CPU.ActiveCfg = Release|Any CPU
		{861314DA-88C1-46E9-A3AF-7DF18F73980C}.Release|Any CPU.Build.0 = Release|Any CPU
	EndGlobalSection
	GlobalSection(SolutionProperties) = preSolution
		HideSolutionNode = FALSE
	EndGlobalSection
	GlobalSection(ExtensibilityGlobals) = postSolution
		SolutionGuid = {1689A766-D391-4134-8C8F-D42A633CE2BD}
	EndGlobalSection
EndGlobal
